
Microsoft Visual Studio Solution File, Format Version 12.00
# Visual Studio Version 16
VisualStudioVersion = 16.0.30804.86
MinimumVisualStudioVersion = 10.0.40219.1
Project("{FAE04EC0-301F-11D3-BF4B-00C04F79EFBC}") = "BlazorDevExpressGridDemo", "BlazorDevExpressGridDemo\BlazorDevExpressGridDemo.csproj", "{30324DBE-18FA-4D16-B0D3-F9B68573BC7F}"
EndProject
Global
	GlobalSection(SolutionConfigurationPlatforms) = preSolution
		Debug|Any CPU = Debug|Any CPU
		Release|Any CPU = Release|Any CPU
	EndGlobalSection
	GlobalSection(ProjectConfigurationPlatforms) = postSolution
		{30324DBE-18FA-4D16-B0D3-F9B68573BC7F}.Debug|Any CPU.ActiveCfg = Debug|Any CPU
		{30324DBE-18FA-4D16-B0D3-F9B68573BC7F}.Debug|Any CPU.Build.0 = Debug|Any CPU
		{30324DBE-18FA-4D16-B0D3-F9B68573BC7F}.Release|Any CPU.ActiveCfg = Release|Any CPU
		{30324DBE-18FA-4D16-B0D3-F9B68573BC7F}.Release|Any CPU.Build.0 = Release|Any CPU
	EndGlobalSection
	GlobalSection(SolutionProperties) = preSolution
		HideSolutionNode = FALSE
	EndGlobalSection
	GlobalSection(ExtensibilityGlobals) = postSolution
		SolutionGuid = {E047E60F-17E2-45E6-84D0-BF6637476C91}
	EndGlobalSection
EndGlobal
